
Microsoft Visual Studio Solution File, Format Version 12.00
# Visual Studio 15
VisualStudioVersion = 15.0.26124.0
MinimumVisualStudioVersion = 15.0.26124.0
Project("{FAE04EC0-301F-11D3-BF4B-00C04F79EFBC}") = "Aplicacion", "Aplicacion\Aplicacion.csproj", "{A8D662C8-77E1-4C81-B705-1EB0C4E91D72}"
EndProject
Project("{FAE04EC0-301F-11D3-BF4B-00C04F79EFBC}") = "Dominio", "Dominio\Dominio.csproj", "{F3836B52-0469-4A5B-A29C-B22D4BF75831}"
EndProject
Project("{FAE04EC0-301F-11D3-BF4B-00C04F79EFBC}") = "Persistencia", "Persistencia\Persistencia.csproj", "{296FE862-79FC-46DB-BC21-B2F21E9765DD}"
EndProject
Project("{FAE04EC0-301F-11D3-BF4B-00C04F79EFBC}") = "webAPI", "webAPI\webAPI.csproj", "{9858FF56-CB6E-4AFD-A591-A4D053A389BD}"
EndProject
Global
	GlobalSection(SolutionConfigurationPlatforms) = preSolution
		Debug|Any CPU = Debug|Any CPU
		Debug|x64 = Debug|x64
		Debug|x86 = Debug|x86
		Release|Any CPU = Release|Any CPU
		Release|x64 = Release|x64
		Release|x86 = Release|x86
	EndGlobalSection
	GlobalSection(SolutionProperties) = preSolution
		HideSolutionNode = FALSE
	EndGlobalSection
	GlobalSection(ProjectConfigurationPlatforms) = postSolution
		{A8D662C8-77E1-4C81-B705-1EB0C4E91D72}.Debug|Any CPU.ActiveCfg = Debug|Any CPU
		{A8D662C8-77E1-4C81-B705-1EB0C4E91D72}.Debug|Any CPU.Build.0 = Debug|Any CPU
		{A8D662C8-77E1-4C81-B705-1EB0C4E91D72}.Debug|x64.ActiveCfg = Debug|Any CPU
		{A8D662C8-77E1-4C81-B705-1EB0C4E91D72}.Debug|x64.Build.0 = Debug|Any CPU
		{A8D662C8-77E1-4C81-B705-1EB0C4E91D72}.Debug|x86.ActiveCfg = Debug|Any CPU
		{A8D662C8-77E1-4C81-B705-1EB0C4E91D72}.Debug|x86.Build.0 = Debug|Any CPU
		{A8D662C8-77E1-4C81-B705-1EB0C4E91D72}.Release|Any CPU.ActiveCfg = Release|Any CPU
		{A8D662C8-77E1-4C81-B705-1EB0C4E91D72}.Release|Any CPU.Build.0 = Release|Any CPU
		{A8D662C8-77E1-4C81-B705-1EB0C4E91D72}.Release|x64.ActiveCfg = Release|Any CPU
		{A8D662C8-77E1-4C81-B705-1EB0C4E91D72}.Release|x64.Build.0 = Release|Any CPU
		{A8D662C8-77E1-4C81-B705-1EB0C4E91D72}.Release|x86.ActiveCfg = Release|Any CPU
		{A8D662C8-77E1-4C81-B705-1EB0C4E91D72}.Release|x86.Build.0 = Release|Any CPU
		{F3836B52-0469-4A5B-A29C-B22D4BF75831}.Debug|Any CPU.ActiveCfg = Debug|Any CPU
		{F3836B52-0469-4A5B-A29C-B22D4BF75831}.Debug|Any CPU.Build.0 = Debug|Any CPU
		{F3836B52-0469-4A5B-A29C-B22D4BF75831}.Debug|x64.ActiveCfg = Debug|Any CPU
		{F3836B52-0469-4A5B-A29C-B22D4BF75831}.Debug|x64.Build.0 = Debug|Any CPU
		{F3836B52-0469-4A5B-A29C-B22D4BF75831}.Debug|x86.ActiveCfg = Debug|Any CPU
		{F3836B52-0469-4A5B-A29C-B22D4BF75831}.Debug|x86.Build.0 = Debug|Any CPU
		{F3836B52-0469-4A5B-A29C-B22D4BF75831}.Release|Any CPU.ActiveCfg = Release|Any CPU
		{F3836B52-0469-4A5B-A29C-B22D4BF75831}.Release|Any CPU.Build.0 = Release|Any CPU
		{F3836B52-0469-4A5B-A29C-B22D4BF75831}.Release|x64.ActiveCfg = Release|Any CPU
		{F3836B52-0469-4A5B-A29C-B22D4BF75831}.Release|x64.Build.0 = Release|Any CPU
		{F3836B52-0469-4A5B-A29C-B22D4BF75831}.Release|x86.ActiveCfg = Release|Any CPU
		{F3836B52-0469-4A5B-A29C-B22D4BF75831}.Release|x86.Build.0 = Release|Any CPU
		{296FE862-79FC-46DB-BC21-B2F21E9765DD}.Debug|Any CPU.ActiveCfg = Debug|Any CPU
		{296FE862-79FC-46DB-BC21-B2F21E9765DD}.Debug|Any CPU.Build.0 = Debug|Any CPU
		{296FE862-79FC-46DB-BC21-B2F21E9765DD}.Debug|x64.ActiveCfg = Debug|Any CPU
		{296FE862-79FC-46DB-BC21-B2F21E9765DD}.Debug|x64.Build.0 = Debug|Any CPU
		{296FE862-79FC-46DB-BC21-B2F21E9765DD}.Debug|x86.ActiveCfg = Debug|Any CPU
		{296FE862-79FC-46DB-BC21-B2F21E9765DD}.Debug|x86.Build.0 = Debug|Any CPU
		{296FE862-79FC-46DB-BC21-B2F21E9765DD}.Release|Any CPU.ActiveCfg = Release|Any CPU
		{296FE862-79FC-46DB-BC21-B2F21E9765DD}.Release|Any CPU.Build.0 = Release|Any CPU
		{296FE862-79FC-46DB-BC21-B2F21E9765DD}.Release|x64.ActiveCfg = Release|Any CPU
		{296FE862-79FC-46DB-BC21-B2F21E9765DD}.Release|x64.Build.0 = Release|Any CPU
		{296FE862-79FC-46DB-BC21-B2F21E9765DD}.Release|x86.ActiveCfg = Release|Any CPU
		{296FE862-79FC-46DB-BC21-B2F21E9765DD}.Release|x86.Build.0 = Release|Any CPU
		{9858FF56-CB6E-4AFD-A591-A4D053A389BD}.Debug|Any CPU.ActiveCfg = Debug|Any CPU
		{9858FF56-CB6E-4AFD-A591-A4D053A389BD}.Debug|Any CPU.Build.0 = Debug|Any CPU
		{9858FF56-CB6E-4AFD-A591-A4D053A389BD}.Debug|x64.ActiveCfg = Debug|Any CPU
		{9858FF56-CB6E-4AFD-A591-A4D053A389BD}.Debug|x64.Build.0 = Debug|Any CPU
		{9858FF56-CB6E-4AFD-A591-A4D053A389BD}.Debug|x86.ActiveCfg = Debug|Any CPU
		{9858FF56-CB6E-4AFD-A591-A4D053A389BD}.Debug|x86.Build.0 = Debug|Any CPU
		{9858FF56-CB6E-4AFD-A591-A4D053A389BD}.Release|Any CPU.ActiveCfg = Release|Any CPU
		{9858FF56-CB6E-4AFD-A591-A4D053A389BD}.Release|Any CPU.Build.0 = Release|Any CPU
		{9858FF56-CB6E-4AFD-A591-A4D053A389BD}.Release|x64.ActiveCfg = Release|Any CPU
		{9858FF56-CB6E-4AFD-A591-A4D053A389BD}.Release|x64.Build.0 = Release|Any CPU
		{9858FF56-CB6E-4AFD-A591-A4D053A389BD}.Release|x86.ActiveCfg = Release|Any CPU
		{9858FF56-CB6E-4AFD-A591-A4D053A389BD}.Release|x86.Build.0 = Release|Any CPU
	EndGlobalSection
EndGlobal
